{
  "requires": true,
  "lockfileVersion": 1,
  "dependencies": {
    "@emotion/is-prop-valid": {
      "version": "0.8.8",
      "resolved": "https://registry.npmjs.org/@emotion/is-prop-valid/-/is-prop-valid-0.8.8.tgz",
      "integrity": "sha512-u5WtneEAr5IDG2Wv65yhunPSMLIpuKsbuOktRojfrEiEvRyC85LgPMZI63cr7NUqT8ZIGdSVg8ZKGxIug4lXcA==",
      "optional": true,
      "requires": {
        "@emotion/memoize": "0.7.4"
      }
    },
    "@emotion/memoize": {
      "version": "0.7.4",
      "resolved": "https://registry.npmjs.org/@emotion/memoize/-/memoize-0.7.4.tgz",
      "integrity": "sha512-Ja/Vfqe3HpuzRsG1oBtWTHk2PGZ7GR+2Vz5iYGelAw8dx32K0y7PjVuxK6z1nMpZOqAFsRUPCkK1YjJ56qJlgw==",
      "optional": true
    },
    "framer": {
      "version": "1.3.2",
      "resolved": "https://registry.npmjs.org/framer/-/framer-1.3.2.tgz",
      "integrity": "sha512-0KmhUp+JFJr8ttVF5gTIXPy5JLBVb42wXYI6yuyoEK956wsKrpO40db23TBh5AIWKtr9cSyTpDWq7LYSMRj3zA=="
    },
    "framer-motion": {
      "version": "4.1.17",
      "resolved": "https://registry.npmjs.org/framer-motion/-/framer-motion-4.1.17.tgz",
      "integrity": "sha512-thx1wvKzblzbs0XaK2X0G1JuwIdARcoNOW7VVwjO8BUltzXPyONGAElLu6CiCScsOQRI7FIk/45YTFtJw5Yozw==",
      "requires": {
        "@emotion/is-prop-valid": "^0.8.2",
        "framesync": "5.3.0",
        "hey-listen": "^1.0.8",
        "popmotion": "9.3.6",
        "style-value-types": "4.1.4",
        "tslib": "^2.1.0"
      }
    },
    "framesync": {
      "version": "5.3.0",
      "resolved": "https://registry.npmjs.org/framesync/-/framesync-5.3.0.tgz",
      "integrity": "sha512-oc5m68HDO/tuK2blj7ZcdEBRx3p1PjrgHazL8GYEpvULhrtGIFbQArN6cQS2QhW8mitffaB+VYzMjDqBxxQeoA==",
      "requires": {
        "tslib": "^2.1.0"
      }
    },
    "hey-listen": {
      "version": "1.0.8",
      "resolved": "https://registry.npmjs.org/hey-listen/-/hey-listen-1.0.8.tgz",
      "integrity": "sha512-COpmrF2NOg4TBWUJ5UVyaCU2A88wEMkUPK4hNqyCkqHbxT92BbvfjoSozkAIIm6XhicGlJHhFdullInrdhwU8Q=="
    },
    "popmotion": {
      "version": "9.3.6",
      "resolved": "https://registry.npmjs.org/popmotion/-/popmotion-9.3.6.tgz",
      "integrity": "sha512-ZTbXiu6zIggXzIliMi8LGxXBF5ST+wkpXGEjeTUDUOCdSQ356hij/xjeUdv0F8zCQNeqB1+PR5/BB+gC+QLAPw==",
      "requires": {
        "framesync": "5.3.0",
        "hey-listen": "^1.0.8",
        "style-value-types": "4.1.4",
        "tslib": "^2.1.0"
      }
    },
    "style-value-types": {
      "version": "4.1.4",
      "resolved": "https://registry.npmjs.org/style-value-types/-/style-value-types-4.1.4.tgz",
      "integrity": "sha512-LCJL6tB+vPSUoxgUBt9juXIlNJHtBMy8jkXzUJSBzeHWdBu6lhzHqCvLVkXFGsFIlNa2ln1sQHya/gzaFmB2Lg==",
      "requires": {
        "hey-listen": "^1.0.8",
        "tslib": "^2.1.0"
      }
    },
    "tslib": {
      "version": "2.2.0",
      "resolved": "https://registry.npmjs.org/tslib/-/tslib-2.2.0.tgz",
      "integrity": "sha512-gS9GVHRU+RGn5KQM2rllAlR3dU6m7AcpJKdtH8gFvQiC4Otgk98XnmMU+nZenHt/+VhnBPWwgrJsyrdcw6i23w=="
    }
  }
}
